
Microsoft Visual Studio Solution File, Format Version 12.00
# Visual Studio Version 17
VisualStudioVersion = 17.5.33502.453
MinimumVisualStudioVersion = 10.0.40219.1
Project("{FAE04EC0-301F-11D3-BF4B-00C04F79EFBC}") = "SaveStarMoneyAPI", "SaveStarMoneyAPI\SaveStarMoneyAPI.csproj", "{8F777477-222D-420A-9C29-032B8452C660}"
EndProject
Global
	GlobalSection(SolutionConfigurationPlatforms) = preSolution
		Debug|Any CPU = Debug|Any CPU
		Release|Any CPU = Release|Any CPU
	EndGlobalSection
	GlobalSection(ProjectConfigurationPlatforms) = postSolution
		{8F777477-222D-420A-9C29-032B8452C660}.Debug|Any CPU.ActiveCfg = Debug|Any CPU
		{8F777477-222D-420A-9C29-032B8452C660}.Debug|Any CPU.Build.0 = Debug|Any CPU
		{8F777477-222D-420A-9C29-032B8452C660}.Release|Any CPU.ActiveCfg = Release|Any CPU
		{8F777477-222D-420A-9C29-032B8452C660}.Release|Any CPU.Build.0 = Release|Any CPU
	EndGlobalSection
	GlobalSection(SolutionProperties) = preSolution
		HideSolutionNode = FALSE
	EndGlobalSection
	GlobalSection(ExtensibilityGlobals) = postSolution
		SolutionGuid = {4F4D6C97-AA0F-4320-98A7-BBD3701F9DCD}
	EndGlobalSection
EndGlobal
